{
  "version": 2,
  "dependencies": {
    "net8.0": {
      "Azure.Core": {
        "type": "Direct",
        "requested": "[1.50.0, )",
        "resolved": "1.50.0",
        "contentHash": "GBNKZEhdIbTXxedvD3R7I/yDVFX9jJJEz02kCziFSJxspSQ5RMHc3GktulJ1s7+ffXaXD7kMgrtdQTaggyInLw==",
        "dependencies": {
          "Microsoft.Bcl.AsyncInterfaces": "8.0.0",
          "System.ClientModel": "1.8.0",
          "System.Memory.Data": "8.0.1"
        }
      },
      "Dapper": {
        "type": "Direct",
        "requested": "[2.1.66, )",
        "resolved": "2.1.66",
        "contentHash": "/q77jUgDOS+bzkmk3Vy9SiWMaetTw+NOoPAV0xPBsGVAyljd5S6P+4RUW7R3ZUGGr9lDRyPKgAMj2UAOwvqZYw=="
      },
      "FluentMigrator.Runner": {
        "type": "Direct",
        "requested": "[6.0.0, )",
        "resolved": "6.0.0",
        "contentHash": "yGBo61m6JtdctaPCUHjGf7e5mcezhmtDq3u4JRg8Lm0jFHhlO6svRooJMp7fKWBFsWsg0kyz5L/XJAIcHPmO6w==",
        "dependencies": {
          "FluentMigrator.Runner.Core": "6.0.0",
          "FluentMigrator.Runner.Db2": "6.0.0",
          "FluentMigrator.Runner.Firebird": "6.0.0",
          "FluentMigrator.Runner.Hana": "6.0.0",
          "FluentMigrator.Runner.MySql": "6.0.0",
          "FluentMigrator.Runner.Oracle": "6.0.0",
          "FluentMigrator.Runner.Postgres": "6.0.0",
          "FluentMigrator.Runner.Redshift": "6.0.0",
          "FluentMigrator.Runner.SQLite": "6.0.0",
          "FluentMigrator.Runner.Snowflake": "6.0.0",
          "FluentMigrator.Runner.SqlServer": "6.0.0",
          "Microsoft.Extensions.Configuration.Abstractions": "8.0.0"
        }
      },
      "FluentMigrator.Runner.Postgres": {
        "type": "Direct",
        "requested": "[6.0.0, )",
        "resolved": "6.0.0",
        "contentHash": "ZOvsi37YKgd4D3mnCFpGKbrjp3blVvP4OqCVToHAL/YU5ObV2w5sW5wXw5nuyzuTIVTBKPXI149XDlF0wDM0Kw==",
        "dependencies": {
          "FluentMigrator": "6.0.0",
          "FluentMigrator.Extensions.Postgres": "6.0.0",
          "FluentMigrator.Runner.Core": "6.0.0"
        }
      },
      "Microsoft.CodeAnalysis.NetAnalyzers": {
        "type": "Direct",
        "requested": "[8.0.0, )",
        "resolved": "8.0.0",
        "contentHash": "DxiTgkCl3CGq1rYmBX2wjY7XGbxiBdL4J+/AJIAFLKy5z70NxhnVRnPghnicXZ8oF6JKVXlW3xwznRbI3ioEKg=="
      },
      "Npgsql": {
        "type": "Direct",
        "requested": "[8.0.3, )",
        "resolved": "8.0.3",
        "contentHash": "6WEmzsQJCZAlUG1pThKg/RmeF6V+I0DmBBBE/8YzpRtEzhyZzKcK7ulMANDm5CkxrALBEC8H+5plxHWtIL7xnA==",
        "dependencies": {
          "Microsoft.Extensions.Logging.Abstractions": "8.0.0"
        }
      },
      "Azure.Identity": {
        "type": "Transitive",
        "resolved": "1.11.4",
        "contentHash": "Sf4BoE6Q3jTgFkgBkx7qztYOFELBCo+wQgpYDwal/qJ1unBH73ywPztIJKXBXORRzAeNijsuxhk94h0TIMvfYg==",
        "dependencies": {
          "Azure.Core": "1.38.0",
          "Microsoft.Identity.Client": "4.61.3",
          "Microsoft.Identity.Client.Extensions.Msal": "4.61.3",
          "System.Memory": "4.5.4",
          "System.Security.Cryptography.ProtectedData": "4.7.0",
          "System.Text.Json": "4.7.2",
          "System.Threading.Tasks.Extensions": "4.5.4"
        }
      },
      "FirebirdSql.Data.FirebirdClient": {
        "type": "Transitive",
        "resolved": "10.0.0",
        "contentHash": "x+JkSd6TeL9zUXDbi5C0NPeZ1ejo5sw3G9nhoxvVGXhaU399agYgO5RXtYRmcS4GkeA57Q9sThe5pFL2knSdXQ=="
      },
      "FluentMigrator": {
        "type": "Transitive",
        "resolved": "6.0.0",
        "contentHash": "TxIyjGQBjkrBl1UZxNq2RdausPKp/Hw6+Zu3uY6fFNrrvj1IBfwL8lwCfLcJg6w8trnoj/e8qPP/XtSqpFKqPQ==",
        "dependencies": {
          "FluentMigrator.Abstractions": "6.0.0",
          "Microsoft.Extensions.DependencyInjection": "8.0.0",
          "Microsoft.Extensions.Options": "8.0.0"
        }
      },
      "FluentMigrator.Abstractions": {
        "type": "Transitive",
        "resolved": "6.0.0",
        "contentHash": "va//VnhLO7ATJ4c2GZiTjMrIVB2kQIKI4EeVW/2RBdOopR+iA+nuwErK/sDHbrHMTLTJ7u7jlVj/3pkL/zYFSg==",
        "dependencies": {
          "System.ComponentModel.Annotations": "5.0.0",
          "System.ValueTuple": "4.5.0"
        }
      },
      "FluentMigrator.Extensions.MySql": {
        "type": "Transitive",
        "resolved": "6.0.0",
        "contentHash": "5Dh9SLl8MZ1Lf9JxiRs6t9goxdD3XnKPLVUxcRUe7GeLxNBeolHe+YOIFcF9yf3UnkQa4A52MTglJix9T4sAgQ==",
        "dependencies": {
          "FluentMigrator.Abstractions": "6.0.0"
        }
      },
      "FluentMigrator.Extensions.Oracle": {
        "type": "Transitive",
        "resolved": "6.0.0",
        "contentHash": "okbTB7j/eLx6/qaaOMtrGxeOv2Y3AmB1/9CZWsUDtE4Nux3GI++J31GV+nXnJdgC7khNRKbZ/xV478OJ/iLrzA==",
        "dependencies": {
          "FluentMigrator.Abstractions": "6.0.0"
        }
      },
      "FluentMigrator.Extensions.Postgres": {
        "type": "Transitive",
        "resolved": "6.0.0",
        "contentHash": "bQHlJcdAjLGrc8oVZgH334ghboc5/T930UMk76l7JAV99UATUxGAxOpzmDjY+thNAjrUngOOqfIqdVRzvposuw==",
        "dependencies": {
          "FluentMigrator.Abstractions": "6.0.0"
        }
      },
      "FluentMigrator.Extensions.Snowflake": {
        "type": "Transitive",
        "resolved": "6.0.0",
        "contentHash": "Zsj+p3YWfE99xYvZ26LQomcdl9K636xze3tuG8wCEMrtuj+NcMLi4GJ8VtfxFtojOIn3xYkAuRdCAYXl5xc2pA==",
        "dependencies": {
          "FluentMigrator.Abstractions": "6.0.0"
        }
      },
      "FluentMigrator.Extensions.SqlServer": {
        "type": "Transitive",
        "resolved": "6.0.0",
        "contentHash": "Ua1FU3Fn1+x4rfXtbvzub5QvLA5IXYFfoLZIt45PEC0D2Sw+lKvNwpcNMnakaRepnsB4tT4o3G3cgKUt2yeSpA==",
        "dependencies": {
          "FluentMigrator.Abstractions": "6.0.0"
        }
      },
      "FluentMigrator.Runner.Core": {
        "type": "Transitive",
        "resolved": "6.0.0",
        "contentHash": "ZMNmoTGiEia9+BRgJHXVPCR+UIMyzyJod4CI6M83BHfEfnYbzRpzlZJtkkF8jk/CNjMrchMBl6eAKf+tYPWFjg==",
        "dependencies": {
          "FluentMigrator": "6.0.0",
          "FluentMigrator.Abstractions": "6.0.0",
          "Microsoft.Extensions.Configuration.Abstractions": "8.0.0",
          "Microsoft.Extensions.DependencyInjection": "8.0.0",
          "Microsoft.Extensions.Logging": "8.0.0",
          "Microsoft.Extensions.Options": "8.0.0"
        }
      },
      "FluentMigrator.Runner.Db2": {
        "type": "Transitive",
        "resolved": "6.0.0",
        "contentHash": "G+GE4gpXIZ/uaBLHx8I+MaVA+H2G8QAt3uCDrYBmhp1fYTAsmDB/D3fWZAV8lzEfdtsV7mUdaXXwHmwHo3AbYQ==",
        "dependencies": {
          "FluentMigrator": "6.0.0",
          "FluentMigrator.Runner.Core": "6.0.0"
        }
      },
      "FluentMigrator.Runner.Firebird": {
        "type": "Transitive",
        "resolved": "6.0.0",
        "contentHash": "K9X/diYgpMcbUSlnloMj7ETSSxxiSyA12PKTb76yokG6+7pKEpMqeS8effwOr+ws/rL0+v4Ny5NBfGRlumYzyQ==",
        "dependencies": {
          "FirebirdSql.Data.FirebirdClient": "10.0.0",
          "FluentMigrator": "6.0.0",
          "FluentMigrator.Runner.Core": "6.0.0",
          "Microsoft.Extensions.Options": "8.0.0"
        }
      },
      "FluentMigrator.Runner.Hana": {
        "type": "Transitive",
        "resolved": "6.0.0",
        "contentHash": "aAFfr+GTk6o4DX2buKYZ08IWy52WOs+qUGpGs33dH6AVPIdn1ndi8Si2pjCXqSjCtED6RrHISvg43nghXAF0fA==",
        "dependencies": {
          "FluentMigrator": "6.0.0",
          "FluentMigrator.Runner.Core": "6.0.0"
        }
      },
      "FluentMigrator.Runner.MySql": {
        "type": "Transitive",
        "resolved": "6.0.0",
        "contentHash": "9ROvaKYPq2BrhLiWhpVU1Rd8JqQLnmMHo9h9jLXyC7Zu/YOX7edoYtbaMM07wMtTn1sKLUHKbEno99EgL0uMUg==",
        "dependencies": {
          "FluentMigrator": "6.0.0",
          "FluentMigrator.Extensions.MySql": "6.0.0",
          "FluentMigrator.Runner.Core": "6.0.0"
        }
      },
      "FluentMigrator.Runner.Oracle": {
        "type": "Transitive",
        "resolved": "6.0.0",
        "contentHash": "2oGYi3DsYL5PTdpU2GFW4mZmDbgO+s4wZC+J5RIl0f5Xa5cuACQJ0tZcdH2nshILDJLtzfasuaCJ9drChaOb8A==",
        "dependencies": {
          "FluentMigrator": "6.0.0",
          "FluentMigrator.Extensions.Oracle": "6.0.0",
          "FluentMigrator.Runner.Core": "6.0.0"
        }
      },
      "FluentMigrator.Runner.Redshift": {
        "type": "Transitive",
        "resolved": "6.0.0",
        "contentHash": "C+WnfgfuwI9G5Ooii6dR2xjY/5xWHVBoWTQIK/v2qqvCM/cRMys1SPZlDbczWQ4j6+mHK+mHWgksb1jJEaDo1w==",
        "dependencies": {
          "FluentMigrator": "6.0.0",
          "FluentMigrator.Runner.Core": "6.0.0"
        }
      },
      "FluentMigrator.Runner.Snowflake": {
        "type": "Transitive",
        "resolved": "6.0.0",
        "contentHash": "xtM7Q5BUiUMzn7XdVE/7HbmgMtqsLQI5pUTe6PYIkIn2l8c5dBDWCl4QFc1qEqtklNUPIxxSvNmTdHmrRm9UpQ==",
        "dependencies": {
          "FluentMigrator.Extensions.Snowflake": "6.0.0",
          "FluentMigrator.Runner.Core": "6.0.0"
        }
      },
      "FluentMigrator.Runner.SQLite": {
        "type": "Transitive",
        "resolved": "6.0.0",
        "contentHash": "wW6Wc40zwQrxDGczRgE1mONahrAQR9/wRC2ZTI9c3PrlVHIiAU859eK/WypJKcD8Ir1wS1ehigR6jOTdPpImIA==",
        "dependencies": {
          "FluentMigrator": "6.0.0",
          "FluentMigrator.Runner.Core": "6.0.0"
        }
      },
      "FluentMigrator.Runner.SqlServer": {
        "type": "Transitive",
        "resolved": "6.0.0",
        "contentHash": "+gVClfxCCAm/WZdl+lA6W45fkMinj5/ZTFCywXvNHP5I0LaRl+aG6Twjl6nHs3eLn5dxbdMoskCiGGKzdbqssw==",
        "dependencies": {
          "FluentMigrator": "6.0.0",
          "FluentMigrator.Extensions.SqlServer": "6.0.0",
          "FluentMigrator.Runner.Core": "6.0.0",
          "Microsoft.Data.SqlClient": "5.2.2"
        }
      },
      "Microsoft.Bcl.AsyncInterfaces": {
        "type": "Transitive",
        "resolved": "8.0.0",
        "contentHash": "3WA9q9yVqJp222P3x1wYIGDAkpjAku0TMUaaQV22g6L67AI0LdOIrVS7Ht2vJfLHGSPVuqN94vIr15qn+HEkHw=="
      },
      "Microsoft.CSharp": {
        "type": "Transitive",
        "resolved": "4.5.0",
        "contentHash": "kaj6Wb4qoMuH3HySFJhxwQfe8R/sJsNJnANrvv8WdFPMoNbKY5htfNscv+LHCu5ipz+49m2e+WQXpLXr9XYemQ=="
      },
      "Microsoft.Data.SqlClient": {
        "type": "Transitive",
        "resolved": "5.2.2",
        "contentHash": "mtoeRMh7F/OA536c/Cnh8L4H0uLSKB5kSmoi54oN7Fp0hNJDy22IqyMhaMH4PkDCqI7xL//Fvg9ldtuPHG0h5g==",
        "dependencies": {
          "Azure.Identity": "1.11.4",
          "Microsoft.Data.SqlClient.SNI.runtime": "5.2.0",
          "Microsoft.Identity.Client": "4.61.3",
          "Microsoft.IdentityModel.JsonWebTokens": "6.35.0",
          "Microsoft.IdentityModel.Protocols.OpenIdConnect": "6.35.0",
          "Microsoft.SqlServer.Server": "1.0.0",
          "System.Configuration.ConfigurationManager": "8.0.0",
          "System.Runtime.Caching": "8.0.0"
        }
      },
      "Microsoft.Data.SqlClient.SNI.runtime": {
        "type": "Transitive",
        "resolved": "5.2.0",
        "contentHash": "po1jhvFd+8pbfvJR/puh+fkHi0GRanAdvayh/0e47yaM6CXWZ6opUjCMFuYlAnD2LcbyvQE7fPJKvogmaUcN+w=="
      },
      "Microsoft.Extensions.Configuration.Abstractions": {
        "type": "Transitive",
        "resolved": "8.0.0",
        "contentHash": "3lE/iLSutpgX1CC0NOW70FJoGARRHbyKmG7dc0klnUZ9Dd9hS6N/POPWhKhMLCEuNN5nXEY5agmlFtH562vqhQ==",
        "dependencies": {
          "Microsoft.Extensions.Primitives": "8.0.0"
        }
      },
      "Microsoft.Extensions.DependencyInjection": {
        "type": "Transitive",
        "resolved": "8.0.0",
        "contentHash": "V8S3bsm50ig6JSyrbcJJ8bW2b9QLGouz+G1miK3UTaOWmMtFwNNNzUf4AleyDWUmTrWMLNnFSLEQtxmxgNQnNQ==",
        "dependencies": {
          "Microsoft.Extensions.DependencyInjection.Abstractions": "8.0.0"
        }
      },
      "Microsoft.Extensions.DependencyInjection.Abstractions": {
        "type": "Transitive",
        "resolved": "8.0.2",
        "contentHash": "3iE7UF7MQkCv1cxzCahz+Y/guQbTqieyxyaWKhrRO91itI9cOKO76OHeQDahqG4MmW5umr3CcCvGmK92lWNlbg=="
      },
      "Microsoft.Extensions.Logging": {
        "type": "Transitive",
        "resolved": "8.0.0",
        "contentHash": "tvRkov9tAJ3xP51LCv3FJ2zINmv1P8Hi8lhhtcKGqM+ImiTCC84uOPEI4z8Cdq2C3o9e+Aa0Gw0rmrsJD77W+w==",
        "dependencies": {
          "Microsoft.Extensions.DependencyInjection": "8.0.0",
          "Microsoft.Extensions.Logging.Abstractions": "8.0.0",
          "Microsoft.Extensions.Options": "8.0.0"
        }
      },
      "Microsoft.Extensions.Options": {
        "type": "Transitive",
        "resolved": "8.0.0",
        "contentHash": "JOVOfqpnqlVLUzINQ2fox8evY2SKLYJ3BV8QDe/Jyp21u1T7r45x/R/5QdteURMR5r01GxeJSBBUOCOyaNXA3g==",
        "dependencies": {
          "Microsoft.Extensions.DependencyInjection.Abstractions": "8.0.0",
          "Microsoft.Extensions.Primitives": "8.0.0"
        }
      },
      "Microsoft.Extensions.Primitives": {
        "type": "Transitive",
        "resolved": "8.0.0",
        "contentHash": "bXJEZrW9ny8vjMF1JV253WeLhpEVzFo1lyaZu1vQ4ZxWUlVvknZ/+ftFgVheLubb4eZPSwwxBeqS1JkCOjxd8g=="
      },
      "Microsoft.Identity.Client": {
        "type": "Transitive",
        "resolved": "4.61.3",
        "contentHash": "naJo/Qm35Caaoxp5utcw+R8eU8ZtLz2ALh8S+gkekOYQ1oazfCQMWVT4NJ/FnHzdIJlm8dMz0oMpMGCabx5odA==",
        "dependencies": {
          "Microsoft.IdentityModel.Abstractions": "6.35.0",
          "System.Diagnostics.DiagnosticSource": "6.0.1"
        }
      },
      "Microsoft.Identity.Client.Extensions.Msal": {
        "type": "Transitive",
        "resolved": "4.61.3",
        "contentHash": "PWnJcznrSGr25MN8ajlc2XIDW4zCFu0U6FkpaNLEWLgd1NgFCp5uDY3mqLDgM8zCN8hqj8yo5wHYfLB2HjcdGw==",
        "dependencies": {
          "Microsoft.Identity.Client": "4.61.3",
          "System.Security.Cryptography.ProtectedData": "4.5.0"
        }
      },
      "Microsoft.IdentityModel.Abstractions": {
        "type": "Transitive",
        "resolved": "6.35.0",
        "contentHash": "xuR8E4Rd96M41CnUSCiOJ2DBh+z+zQSmyrYHdYhD6K4fXBcQGVnRCFQ0efROUYpP+p0zC1BLKr0JRpVuujTZSg=="
      },
      "Microsoft.IdentityModel.JsonWebTokens": {
        "type": "Transitive",
        "resolved": "6.35.0",
        "contentHash": "9wxai3hKgZUb4/NjdRKfQd0QJvtXKDlvmGMYACbEC8DFaicMFCFhQFZq9ZET1kJLwZahf2lfY5Gtcpsx8zYzbg==",
        "dependencies": {
          "Microsoft.IdentityModel.Tokens": "6.35.0",
          "System.Text.Encoding": "4.3.0",
          "System.Text.Encodings.Web": "4.7.2",
          "System.Text.Json": "4.7.2"
        }
      },
      "Microsoft.IdentityModel.Logging": {
        "type": "Transitive",
        "resolved": "6.35.0",
        "contentHash": "jePrSfGAmqT81JDCNSY+fxVWoGuJKt9e6eJ+vT7+quVS55nWl//jGjUQn4eFtVKt4rt5dXaleZdHRB9J9AJZ7Q==",
        "dependencies": {
          "Microsoft.IdentityModel.Abstractions": "6.35.0"
        }
      },
      "Microsoft.IdentityModel.Protocols": {
        "type": "Transitive",
        "resolved": "6.35.0",
        "contentHash": "BPQhlDzdFvv1PzaUxNSk+VEPwezlDEVADIKmyxubw7IiELK18uJ06RQ9QKKkds30XI+gDu9n8j24XQ8w7fjWcg==",
        "dependencies": {
          "Microsoft.IdentityModel.Logging": "6.35.0",
          "Microsoft.IdentityModel.Tokens": "6.35.0"
        }
      },
      "Microsoft.IdentityModel.Protocols.OpenIdConnect": {
        "type": "Transitive",
        "resolved": "6.35.0",
        "contentHash": "LMtVqnECCCdSmyFoCOxIE5tXQqkOLrvGrL7OxHg41DIm1bpWtaCdGyVcTAfOQpJXvzND9zUKIN/lhngPkYR8vg==",
        "dependencies": {
          "Microsoft.IdentityModel.Protocols": "6.35.0",
          "System.IdentityModel.Tokens.Jwt": "6.35.0"
        }
      },
      "Microsoft.IdentityModel.Tokens": {
        "type": "Transitive",
        "resolved": "6.35.0",
        "contentHash": "RN7lvp7s3Boucg1NaNAbqDbxtlLj5Qeb+4uSS1TeK5FSBVM40P4DKaTKChT43sHyKfh7V0zkrMph6DdHvyA4bg==",
        "dependencies": {
          "Microsoft.CSharp": "4.5.0",
          "Microsoft.IdentityModel.Logging": "6.35.0",
          "System.Security.Cryptography.Cng": "4.5.0"
        }
      },
      "Microsoft.NETCore.Platforms": {
        "type": "Transitive",
        "resolved": "1.1.0",
        "contentHash": "kz0PEW2lhqygehI/d6XsPCQzD7ff7gUJaVGPVETX611eadGsA3A877GdSlU0LRVMCTH/+P3o2iDTak+S08V2+A=="
      },
      "Microsoft.NETCore.Targets": {
        "type": "Transitive",
        "resolved": "1.1.0",
        "contentHash": "aOZA3BWfz9RXjpzt0sRJJMjAscAUm3Hoa4UWAfceV9UTYxgwZ1lZt5nO2myFf+/jetYQo4uTP7zS8sJY67BBxg=="
      },
      "Microsoft.SqlServer.Server": {
        "type": "Transitive",
        "resolved": "1.0.0",
        "contentHash": "N4KeF3cpcm1PUHym1RmakkzfkEv3GRMyofVv40uXsQhCQeglr2OHNcUk2WOG51AKpGO8ynGpo9M/kFXSzghwug=="
      },
      "System.ClientModel": {
        "type": "Transitive",
        "resolved": "1.8.0",
        "contentHash": "AqRzhn0v29GGGLj/Z6gKq4lGNtvPHT4nHdG5PDJh9IfVjv/nYUVmX11hwwws1vDFeIAzrvmn0dPu8IjLtu6fAw==",
        "dependencies": {
          "Microsoft.Extensions.Logging.Abstractions": "8.0.3",
          "System.Memory.Data": "8.0.1"
        }
      },
      "System.ComponentModel.Annotations": {
        "type": "Transitive",
        "resolved": "5.0.0",
        "contentHash": "dMkqfy2el8A8/I76n2Hi1oBFEbG1SfxD2l5nhwXV3XjlnOmwxJlQbYpJH4W51odnU9sARCSAgv7S3CyAFMkpYg=="
      },
      "System.Configuration.ConfigurationManager": {
        "type": "Transitive",
        "resolved": "8.0.0",
        "contentHash": "JlYi9XVvIREURRUlGMr1F6vOFLk7YSY4p1vHo4kX3tQ0AGrjqlRWHDi66ImHhy6qwXBG3BJ6Y1QlYQ+Qz6Xgww==",
        "dependencies": {
          "System.Diagnostics.EventLog": "8.0.0",
          "System.Security.Cryptography.ProtectedData": "8.0.0"
        }
      },
      "System.Diagnostics.DiagnosticSource": {
        "type": "Transitive",
        "resolved": "6.0.1",
        "contentHash": "KiLYDu2k2J82Q9BJpWiuQqCkFjRBWVq4jDzKKWawVi9KWzyD0XG3cmfX0vqTQlL14Wi9EufJrbL0+KCLTbqWiQ==",
        "dependencies": {
          "System.Runtime.CompilerServices.Unsafe": "6.0.0"
        }
      },
      "System.Diagnostics.EventLog": {
        "type": "Transitive",
        "resolved": "8.0.0",
        "contentHash": "fdYxcRjQqTTacKId/2IECojlDSFvp7LP5N78+0z/xH7v/Tuw5ZAxu23Y6PTCRinqyu2ePx+Gn1098NC6jM6d+A=="
      },
      "System.IdentityModel.Tokens.Jwt": {
        "type": "Transitive",
        "resolved": "6.35.0",
        "contentHash": "yxGIQd3BFK7F6S62/7RdZk3C/mfwyVxvh6ngd1VYMBmbJ1YZZA9+Ku6suylVtso0FjI0wbElpJ0d27CdsyLpBQ==",
        "dependencies": {
          "Microsoft.IdentityModel.JsonWebTokens": "6.35.0",
          "Microsoft.IdentityModel.Tokens": "6.35.0"
        }
      },
      "System.Memory": {
        "type": "Transitive",
        "resolved": "4.5.4",
        "contentHash": "1MbJTHS1lZ4bS4FmsJjnuGJOu88ZzTT2rLvrhW7Ygic+pC0NWA+3hgAen0HRdsocuQXCkUTdFn9yHJJhsijDXw=="
      },
      "System.Memory.Data": {
        "type": "Transitive",
        "resolved": "8.0.1",
        "contentHash": "BVYuec3jV23EMRDeR7Dr1/qhx7369dZzJ9IWy2xylvb4YfXsrUxspWc4UWYid/tj4zZK58uGZqn2WQiaDMhmAg=="
      },
      "System.Runtime": {
        "type": "Transitive",
        "resolved": "4.3.0",
        "contentHash": "JufQi0vPQ0xGnAczR13AUFglDyVYt4Kqnz1AZaiKZ5+GICq0/1MH/mO/eAJHt/mHW1zjKBJd7kV26SrxddAhiw==",
        "dependencies": {
          "Microsoft.NETCore.Platforms": "1.1.0",
          "Microsoft.NETCore.Targets": "1.1.0"
        }
      },
      "System.Runtime.Caching": {
        "type": "Transitive",
        "resolved": "8.0.0",
        "contentHash": "4TmlmvGp4kzZomm7J2HJn6IIx0UUrQyhBDyb5O1XiunZlQImXW+B8b7W/sTPcXhSf9rp5NR5aDtQllwbB5elOQ==",
        "dependencies": {
          "System.Configuration.ConfigurationManager": "8.0.0"
        }
      },
      "System.Runtime.CompilerServices.Unsafe": {
        "type": "Transitive",
        "resolved": "6.0.0",
        "contentHash": "/iUeP3tq1S0XdNNoMz5C9twLSrM/TH+qElHkXWaPvuNOt+99G75NrV0OS2EqHx5wMN7popYjpc8oTjC1y16DLg=="
      },
      "System.Security.Cryptography.Cng": {
        "type": "Transitive",
        "resolved": "4.5.0",
        "contentHash": "WG3r7EyjUe9CMPFSs6bty5doUqT+q9pbI80hlNzo2SkPkZ4VTuZkGWjpp77JB8+uaL4DFPRdBsAY+DX3dBK92A=="
      },
      "System.Security.Cryptography.ProtectedData": {
        "type": "Transitive",
        "resolved": "8.0.0",
        "contentHash": "+TUFINV2q2ifyXauQXRwy4CiBhqvDEDZeVJU7qfxya4aRYOKzVBpN+4acx25VcPB9ywUN6C0n8drWl110PhZEg=="
      },
      "System.Text.Encoding": {
        "type": "Transitive",
        "resolved": "4.3.0",
        "contentHash": "BiIg+KWaSDOITze6jGQynxg64naAPtqGHBwDrLaCtixsa5bKiR8dpPOHA7ge3C0JJQizJE+sfkz1wV+BAKAYZw==",
        "dependencies": {
          "Microsoft.NETCore.Platforms": "1.1.0",
          "Microsoft.NETCore.Targets": "1.1.0",
          "System.Runtime": "4.3.0"
        }
      },
      "System.Text.Encodings.Web": {
        "type": "Transitive",
        "resolved": "4.7.2",
        "contentHash": "iTUgB/WtrZ1sWZs84F2hwyQhiRH6QNjQv2DkwrH+WP6RoFga2Q1m3f9/Q7FG8cck8AdHitQkmkXSY8qylcDmuA=="
      },
      "System.Text.Json": {
        "type": "Transitive",
        "resolved": "4.7.2",
        "contentHash": "TcMd95wcrubm9nHvJEQs70rC0H/8omiSGGpU4FQ/ZA1URIqD4pjmFJh2Mfv1yH1eHgJDWTi2hMDXwTET+zOOyg=="
      },
      "System.Threading.Tasks.Extensions": {
        "type": "Transitive",
        "resolved": "4.5.4",
        "contentHash": "zteT+G8xuGu6mS+mzDzYXbzS7rd3K6Fjb9RiZlYlJPam2/hU7JCBZBVEcywNuR+oZ1ncTvc/cq0faRr3P01OVg=="
      },
      "System.ValueTuple": {
        "type": "Transitive",
        "resolved": "4.5.0",
        "contentHash": "okurQJO6NRE/apDIP23ajJ0hpiNmJ+f0BwOlB/cSqTLQlw5upkf+5+96+iG2Jw40G1fCVCyPz/FhIABUjMR+RQ=="
      },
      "cineboutique.inventory.domain": {
        "type": "Project"
      },
      "Microsoft.Extensions.Logging.Abstractions": {
        "type": "CentralTransitive",
        "requested": "[9.0.0, )",
        "resolved": "8.0.3",
        "contentHash": "dL0QGToTxggRLMYY4ZYX5AMwBb+byQBd/5dMiZE07Nv73o6I5Are3C7eQTh7K2+A4ct0PVISSr7TZANbiNb2yQ==",
        "dependencies": {
          "Microsoft.Extensions.DependencyInjection.Abstractions": "8.0.2"
        }
      }
    }
  }
}